
Microsoft Visual Studio Solution File, Format Version 11.00
# Visual Studio 2010
Project("{FAE04EC0-301F-11D3-BF4B-00C04F79EFBC}") = "AgileDevDays.Web", "AgileDevDays.Web\AgileDevDays.Web.csproj", "{4EE7A0C0-57A5-4A9B-9D1D-6E3BFAC74F34}"
EndProject
Project("{FAE04EC0-301F-11D3-BF4B-00C04F79EFBC}") = "AgileDevDays.Web.Tests", "AgileDevDays.Web.Tests\AgileDevDays.Web.Tests.csproj", "{44214C69-F8AD-40D9-AAFA-F12C28F207D7}"
EndProject
Project("{FAE04EC0-301F-11D3-BF4B-00C04F79EFBC}") = "AgileDevDays.Core", "AgileDevDays.Core\AgileDevDays.Core.csproj", "{15BEDA2B-C847-4927-B89D-6078B39344CE}"
EndProject
Project("{FAE04EC0-301F-11D3-BF4B-00C04F79EFBC}") = "AgileDevDays.Infrastructure", "AgileDevDays.Infrastructure\AgileDevDays.Infrastructure.csproj", "{C3333A73-C24E-4CF5-BE5E-A0CCDC019660}"
EndProject
Global
	GlobalSection(TeamFoundationVersionControl) = preSolution
		SccNumberOfProjects = 5
		SccEnterpriseProvider = {4CA58AB2-18FA-4F8D-95D4-32DDF27D184C}
		SccTeamFoundationServer = http://dave-pc:8080/tfs/defaultcollection
		SccLocalPath0 = .
		SccProjectUniqueName1 = AgileDevDays.Core\\AgileDevDays.Core.csproj
		SccProjectName1 = AgileDevDays.Core
		SccLocalPath1 = AgileDevDays.Core
		SccProjectUniqueName2 = AgileDevDays.Infrastructure\\AgileDevDays.Infrastructure.csproj
		SccProjectName2 = AgileDevDays.Infrastructure
		SccLocalPath2 = AgileDevDays.Infrastructure
		SccProjectUniqueName3 = AgileDevDays.Web.Tests\\AgileDevDays.Web.Tests.csproj
		SccProjectName3 = AgileDevDays.Web.Tests
		SccLocalPath3 = AgileDevDays.Web.Tests
		SccProjectUniqueName4 = AgileDevDays.Web\\AgileDevDays.Web.csproj
		SccProjectName4 = AgileDevDays.Web
		SccLocalPath4 = AgileDevDays.Web
	EndGlobalSection
	GlobalSection(SolutionConfigurationPlatforms) = preSolution
		Debug|Any CPU = Debug|Any CPU
		Release|Any CPU = Release|Any CPU
	EndGlobalSection
	GlobalSection(ProjectConfigurationPlatforms) = postSolution
		{4EE7A0C0-57A5-4A9B-9D1D-6E3BFAC74F34}.Debug|Any CPU.ActiveCfg = Debug|Any CPU
		{4EE7A0C0-57A5-4A9B-9D1D-6E3BFAC74F34}.Debug|Any CPU.Build.0 = Debug|Any CPU
		{4EE7A0C0-57A5-4A9B-9D1D-6E3BFAC74F34}.Release|Any CPU.ActiveCfg = Release|Any CPU
		{4EE7A0C0-57A5-4A9B-9D1D-6E3BFAC74F34}.Release|Any CPU.Build.0 = Release|Any CPU
		{44214C69-F8AD-40D9-AAFA-F12C28F207D7}.Debug|Any CPU.ActiveCfg = Debug|Any CPU
		{44214C69-F8AD-40D9-AAFA-F12C28F207D7}.Debug|Any CPU.Build.0 = Debug|Any CPU
		{44214C69-F8AD-40D9-AAFA-F12C28F207D7}.Release|Any CPU.ActiveCfg = Release|Any CPU
		{44214C69-F8AD-40D9-AAFA-F12C28F207D7}.Release|Any CPU.Build.0 = Release|Any CPU
		{15BEDA2B-C847-4927-B89D-6078B39344CE}.Debug|Any CPU.ActiveCfg = Debug|Any CPU
		{15BEDA2B-C847-4927-B89D-6078B39344CE}.Debug|Any CPU.Build.0 = Debug|Any CPU
		{15BEDA2B-C847-4927-B89D-6078B39344CE}.Release|Any CPU.ActiveCfg = Release|Any CPU
		{15BEDA2B-C847-4927-B89D-6078B39344CE}.Release|Any CPU.Build.0 = Release|Any CPU
		{C3333A73-C24E-4CF5-BE5E-A0CCDC019660}.Debug|Any CPU.ActiveCfg = Debug|Any CPU
		{C3333A73-C24E-4CF5-BE5E-A0CCDC019660}.Debug|Any CPU.Build.0 = Debug|Any CPU
		{C3333A73-C24E-4CF5-BE5E-A0CCDC019660}.Release|Any CPU.ActiveCfg = Release|Any CPU
		{C3333A73-C24E-4CF5-BE5E-A0CCDC019660}.Release|Any CPU.Build.0 = Release|Any CPU
	EndGlobalSection
	GlobalSection(SolutionProperties) = preSolution
		HideSolutionNode = FALSE
	EndGlobalSection
EndGlobal
